{
  "lockfile_version": "1",
  "packages": {
    "bat@latest": {
      "last_modified": "2024-07-24T00:53:51Z",
      "resolved": "github:NixOS/nixpkgs/4f02464258baaf54992debfd010a7a3662a25536#bat",
      "source": "devbox-search",
      "version": "0.24.0",
      "systems": {
        "aarch64-darwin": {
          "outputs": [
            {
              "name": "out",
              "path": "/nix/store/prk010cj8rqhwl4zcy4xsdr6my7xrxff-bat-0.24.0",
              "default": true
            }
          ],
          "store_path": "/nix/store/prk010cj8rqhwl4zcy4xsdr6my7xrxff-bat-0.24.0"
        },
        "aarch64-linux": {
          "outputs": [
            {
              "name": "out",
              "path": "/nix/store/h2j4dy50r2wn82vlykjcly7bh97vh2wa-bat-0.24.0",
              "default": true
            }
          ],
          "store_path": "/nix/store/h2j4dy50r2wn82vlykjcly7bh97vh2wa-bat-0.24.0"
        },
        "x86_64-darwin": {
          "outputs": [
            {
              "name": "out",
              "path": "/nix/store/nz5ljy5vfgkkqvkc8llrnpkv7gs2rs6k-bat-0.24.0",
              "default": true
            }
          ],
          "store_path": "/nix/store/nz5ljy5vfgkkqvkc8llrnpkv7gs2rs6k-bat-0.24.0"
        },
        "x86_64-linux": {
          "outputs": [
            {
              "name": "out",
              "path": "/nix/store/v0nq16qp8x4iy068xhhhs2n9c1rnb785-bat-0.24.0",
              "default": true
            }
          ],
          "store_path": "/nix/store/v0nq16qp8x4iy068xhhhs2n9c1rnb785-bat-0.24.0"
        }
      }
    },
    "delve@latest": {
      "last_modified": "2024-07-20T09:11:00Z",
      "resolved": "github:NixOS/nixpkgs/6e14bbce7bea6c4efd7adfa88a40dac750d80100#delve",
      "source": "devbox-search",
      "version": "1.23.0",
      "systems": {
        "aarch64-darwin": {
          "outputs": [
            {
              "name": "out",
              "path": "/nix/store/d401fy14czpl00hv688nzsg8i74zm53x-delve-1.23.0",
              "default": true
            }
          ],
          "store_path": "/nix/store/d401fy14czpl00hv688nzsg8i74zm53x-delve-1.23.0"
        },
        "aarch64-linux": {
          "outputs": [
            {
              "name": "out",
              "path": "/nix/store/ll6as0nhj4mvv9azcx9250fzvh4hd2d6-delve-1.23.0",
              "default": true
            }
          ],
          "store_path": "/nix/store/ll6as0nhj4mvv9azcx9250fzvh4hd2d6-delve-1.23.0"
        },
        "x86_64-darwin": {
          "outputs": [
            {
              "name": "out",
              "path": "/nix/store/qdm3g5bf6bc2mmyk96sm6vvf15xbqx58-delve-1.23.0",
              "default": true
            }
          ],
          "store_path": "/nix/store/qdm3g5bf6bc2mmyk96sm6vvf15xbqx58-delve-1.23.0"
        },
        "x86_64-linux": {
          "outputs": [
            {
              "name": "out",
              "path": "/nix/store/31yp7hhk0nmr905hgcnp95vsmwh1b2yc-delve-1.23.0",
              "default": true
            }
          ],
          "store_path": "/nix/store/31yp7hhk0nmr905hgcnp95vsmwh1b2yc-delve-1.23.0"
        }
      }
    },
    "direnv@latest": {
      "last_modified": "2024-07-20T09:11:00Z",
      "resolved": "github:NixOS/nixpkgs/6e14bbce7bea6c4efd7adfa88a40dac750d80100#direnv",
      "source": "devbox-search",
      "version": "2.34.0",
      "systems": {
        "aarch64-darwin": {
          "outputs": [
            {
              "name": "out",
              "path": "/nix/store/8b283hkzmzmxpsrn5fnwdarw3hw68967-direnv-2.34.0",
              "default": true
            }
          ],
          "store_path": "/nix/store/8b283hkzmzmxpsrn5fnwdarw3hw68967-direnv-2.34.0"
        },
        "aarch64-linux": {
          "outputs": [
            {
              "name": "out",
              "path": "/nix/store/fh1bfrgf6p7x88s47bi2bngrqnxss1lk-direnv-2.34.0",
              "default": true
            }
          ],
          "store_path": "/nix/store/fh1bfrgf6p7x88s47bi2bngrqnxss1lk-direnv-2.34.0"
        },
        "x86_64-darwin": {
          "outputs": [
            {
              "name": "out",
              "path": "/nix/store/sf7h42jldfnyh7cp5v70xac40xs0pqy1-direnv-2.34.0",
              "default": true
            }
          ],
          "store_path": "/nix/store/sf7h42jldfnyh7cp5v70xac40xs0pqy1-direnv-2.34.0"
        },
        "x86_64-linux": {
          "outputs": [
            {
              "name": "out",
              "path": "/nix/store/8l9j9kdv9m0z0s30lp4yvrc9s5bcbgmx-direnv-2.34.0",
              "default": true
            }
          ],
          "store_path": "/nix/store/8l9j9kdv9m0z0s30lp4yvrc9s5bcbgmx-direnv-2.34.0"
        }
      }
    },
    "eza@latest": {
      "last_modified": "2024-08-04T00:20:25Z",
      "resolved": "github:NixOS/nixpkgs/f3834de3782b82bfc666abf664f946d0e7d1f116#eza",
      "source": "devbox-search",
      "version": "0.18.24",
      "systems": {
        "aarch64-darwin": {
          "outputs": [
            {
              "name": "out",
              "path": "/nix/store/6pcrcwz81ni29hyf8vwi5d73hsa5gzha-eza-0.18.24",
              "default": true
            },
            {
              "name": "man",
              "path": "/nix/store/qyz8y5k9vxzgj716gzz014v41scra7wb-eza-0.18.24-man",
              "default": true
            }
          ],
          "store_path": "/nix/store/6pcrcwz81ni29hyf8vwi5d73hsa5gzha-eza-0.18.24"
        },
        "aarch64-linux": {
          "outputs": [
            {
              "name": "out",
              "path": "/nix/store/j21wfv0i10nwmh9f7f3h3n0i4z0mb3ia-eza-0.18.24",
              "default": true
            },
            {
              "name": "man",
              "path": "/nix/store/2mfnz38mr04ix5yzjzjvznw5yv2jxj5m-eza-0.18.24-man",
              "default": true
            }
          ],
          "store_path": "/nix/store/j21wfv0i10nwmh9f7f3h3n0i4z0mb3ia-eza-0.18.24"
        },
        "x86_64-darwin": {
          "outputs": [
            {
              "name": "out",
              "path": "/nix/store/4ypy8ry0mjv73wdj5ychms9fj657ycw4-eza-0.18.24",
              "default": true
            },
            {
              "name": "man",
              "path": "/nix/store/gafsbpz7xclk1skpwb9zd7n5l1lccyc5-eza-0.18.24-man",
              "default": true
            }
          ],
          "store_path": "/nix/store/4ypy8ry0mjv73wdj5ychms9fj657ycw4-eza-0.18.24"
        },
        "x86_64-linux": {
          "outputs": [
            {
              "name": "out",
              "path": "/nix/store/wxjf4iapbq9jc3xd7rrm29px91p2ln52-eza-0.18.24",
              "default": true
            },
            {
              "name": "man",
              "path": "/nix/store/1shdg4q01k0msfba6cjykyps9yb8g7xq-eza-0.18.24-man",
              "default": true
            }
          ],
          "store_path": "/nix/store/wxjf4iapbq9jc3xd7rrm29px91p2ln52-eza-0.18.24"
        }
      }
    },
    "firefox@latest": {
      "last_modified": "2024-07-27T00:41:21Z",
      "resolved": "github:NixOS/nixpkgs/48bacf585a51d953def8bff32087970f273052e2#firefox",
      "source": "devbox-search",
      "version": "128.0.3",
      "systems": {
        "aarch64-linux": {
          "outputs": [
            {
              "name": "out",
              "path": "/nix/store/li9x2qcnymrys2c6lpkr5dp4jdl1chdg-firefox-128.0.3",
              "default": true
            }
          ],
          "store_path": "/nix/store/li9x2qcnymrys2c6lpkr5dp4jdl1chdg-firefox-128.0.3"
        },
        "x86_64-linux": {
          "outputs": [
            {
              "name": "out",
              "path": "/nix/store/25qa9p51z47ddgkqbilpdpmiyjjdywfw-firefox-128.0.3",
              "default": true
            }
          ],
          "store_path": "/nix/store/25qa9p51z47ddgkqbilpdpmiyjjdywfw-firefox-128.0.3"
        }
      }
    },
    "fzf@latest": {
      "last_modified": "2024-08-01T02:09:53Z",
      "resolved": "github:NixOS/nixpkgs/799bc8d7b16e6779f0105713e6794899133c4a38#fzf",
      "source": "devbox-search",
      "version": "0.54.3",
      "systems": {
        "aarch64-darwin": {
          "outputs": [
            {
              "name": "out",
              "path": "/nix/store/7rxz1c43rviwm54z8rznhz6p536cixx3-fzf-0.54.3",
              "default": true
            },
            {
              "name": "man",
              "path": "/nix/store/zg596z7m6bgl466kvdyljkh3cds4lnfk-fzf-0.54.3-man",
              "default": true
            }
          ],
          "store_path": "/nix/store/7rxz1c43rviwm54z8rznhz6p536cixx3-fzf-0.54.3"
        },
        "aarch64-linux": {
          "outputs": [
            {
              "name": "out",
              "path": "/nix/store/dpw5xskcspzwbirh2qn6gcp3r8jhbmd7-fzf-0.54.3",
              "default": true
            },
            {
              "name": "man",
              "path": "/nix/store/0j6blwbkiljgiiyb91nnj34bz27cipsi-fzf-0.54.3-man",
              "default": true
            }
          ],
          "store_path": "/nix/store/dpw5xskcspzwbirh2qn6gcp3r8jhbmd7-fzf-0.54.3"
        },
        "x86_64-darwin": {
          "outputs": [
            {
              "name": "out",
              "path": "/nix/store/sahjwabzhhd5a2qyx6ipf9hnf267p26x-fzf-0.54.3",
              "default": true
            },
            {
              "name": "man",
              "path": "/nix/store/n2mpzy6qrq8nr41qrxq5q3vkplsxix07-fzf-0.54.3-man",
              "default": true
            }
          ],
          "store_path": "/nix/store/sahjwabzhhd5a2qyx6ipf9hnf267p26x-fzf-0.54.3"
        },
        "x86_64-linux": {
          "outputs": [
            {
              "name": "out",
              "path": "/nix/store/wci1c3cqh2r74w6cwlr4m6g1db4awibg-fzf-0.54.3",
              "default": true
            },
            {
              "name": "man",
              "path": "/nix/store/jialyy3h9ziyp8gm86pwb9k8ji0a0207-fzf-0.54.3-man",
              "default": true
            }
          ],
          "store_path": "/nix/store/wci1c3cqh2r74w6cwlr4m6g1db4awibg-fzf-0.54.3"
        }
      }
    },
    "gh@latest": {
      "last_modified": "2024-07-20T09:11:00Z",
      "resolved": "github:NixOS/nixpkgs/6e14bbce7bea6c4efd7adfa88a40dac750d80100#gh",
      "source": "devbox-search",
      "version": "2.53.0",
      "systems": {
        "aarch64-darwin": {
          "outputs": [
            {
              "name": "out",
              "path": "/nix/store/isgmpcikb92pmj3ckpvjpbf45yk2n8y3-gh-2.53.0",
              "default": true
            }
          ],
          "store_path": "/nix/store/isgmpcikb92pmj3ckpvjpbf45yk2n8y3-gh-2.53.0"
        },
        "aarch64-linux": {
          "outputs": [
            {
              "name": "out",
              "path": "/nix/store/mq498lw8nmvffxkl7v5rf6zjps2b4hsf-gh-2.53.0",
              "default": true
            }
          ],
          "store_path": "/nix/store/mq498lw8nmvffxkl7v5rf6zjps2b4hsf-gh-2.53.0"
        },
        "x86_64-darwin": {
          "outputs": [
            {
              "name": "out",
              "path": "/nix/store/0di91k9k3g0ygjzf0bdl16v702hdiwz2-gh-2.53.0",
              "default": true
            }
          ],
          "store_path": "/nix/store/0di91k9k3g0ygjzf0bdl16v702hdiwz2-gh-2.53.0"
        },
        "x86_64-linux": {
          "outputs": [
            {
              "name": "out",
              "path": "/nix/store/ci5hgcdq8jmqzh1vn4p3wab22pqnvfjj-gh-2.53.0",
              "default": true
            }
          ],
          "store_path": "/nix/store/ci5hgcdq8jmqzh1vn4p3wab22pqnvfjj-gh-2.53.0"
        }
      }
    },
    "git@latest": {
      "last_modified": "2024-07-26T05:01:57Z",
      "resolved": "github:NixOS/nixpkgs/733453ac54a40997a6a690b60f3942d79560247c#git",
      "source": "devbox-search",
      "version": "2.45.2",
      "systems": {
        "aarch64-darwin": {
          "outputs": [
            {
              "name": "out",
              "path": "/nix/store/wmyy7p5ss80v4wb2hmscnxmrfr368whf-git-2.45.2",
              "default": true
            },
            {
              "name": "doc",
              "path": "/nix/store/vf5a09daljy98hds4c87s6fyqykvk8l2-git-2.45.2-doc"
            }
          ],
          "store_path": "/nix/store/wmyy7p5ss80v4wb2hmscnxmrfr368whf-git-2.45.2"
        },
        "aarch64-linux": {
          "outputs": [
            {
              "name": "out",
              "path": "/nix/store/1kar0gc7pfaq2kbrribq6r8rqj2qx5yy-git-2.45.2",
              "default": true
            },
            {
              "name": "debug",
              "path": "/nix/store/rlcznd3f4khg0p1k5bb6rd7pid92npc8-git-2.45.2-debug"
            },
            {
              "name": "doc",
              "path": "/nix/store/dr4ymv1nnyylcvf2pc0x9a0g6xgm74b9-git-2.45.2-doc"
            }
          ],
          "store_path": "/nix/store/1kar0gc7pfaq2kbrribq6r8rqj2qx5yy-git-2.45.2"
        },
        "x86_64-darwin": {
          "outputs": [
            {
              "name": "out",
              "path": "/nix/store/5j735q46i4rfs6qzkrfdlz7sjz9gbss2-git-2.45.2",
              "default": true
            },
            {
              "name": "doc",
              "path": "/nix/store/qyg94b3ngx8n6xq97k1hhmv2hvnmgf44-git-2.45.2-doc"
            }
          ],
          "store_path": "/nix/store/5j735q46i4rfs6qzkrfdlz7sjz9gbss2-git-2.45.2"
        },
        "x86_64-linux": {
          "outputs": [
            {
              "name": "out",
              "path": "/nix/store/ln3rnyn8yklr8j21a9i6s0s501lhdii6-git-2.45.2",
              "default": true
            },
            {
              "name": "debug",
              "path": "/nix/store/sir55fajrmsv6zwjx31rip93yz1x0mjy-git-2.45.2-debug"
            },
            {
              "name": "doc",
              "path": "/nix/store/iw4nz88jqklmjz5wr8dzxwdlswhr2rgi-git-2.45.2-doc"
            }
          ],
          "store_path": "/nix/store/ln3rnyn8yklr8j21a9i6s0s501lhdii6-git-2.45.2"
        }
      }
    },
    "go@latest": {
      "last_modified": "2024-07-20T09:11:00Z",
      "resolved": "github:NixOS/nixpkgs/6e14bbce7bea6c4efd7adfa88a40dac750d80100#go",
      "source": "devbox-search",
      "version": "1.22.5",
      "systems": {
        "aarch64-darwin": {
          "outputs": [
            {
              "name": "out",
              "path": "/nix/store/05saqcgidraqmn4z82prsp7rbj9hjmwm-go-1.22.5",
              "default": true
            }
          ],
          "store_path": "/nix/store/05saqcgidraqmn4z82prsp7rbj9hjmwm-go-1.22.5"
        },
        "aarch64-linux": {
          "outputs": [
            {
              "name": "out",
              "path": "/nix/store/b97bbxn6kpysysxb8nxn4k39ffxmp4p6-go-1.22.5",
              "default": true
            }
          ],
          "store_path": "/nix/store/b97bbxn6kpysysxb8nxn4k39ffxmp4p6-go-1.22.5"
        },
        "x86_64-darwin": {
          "outputs": [
            {
              "name": "out",
              "path": "/nix/store/gdyii59c48s4a8q6w584ccgm95qls3lh-go-1.22.5",
              "default": true
            }
          ],
          "store_path": "/nix/store/gdyii59c48s4a8q6w584ccgm95qls3lh-go-1.22.5"
        },
        "x86_64-linux": {
          "outputs": [
            {
              "name": "out",
              "path": "/nix/store/3v17dij8rvg7q99009swxg52995r7s22-go-1.22.5",
              "default": true
            }
          ],
          "store_path": "/nix/store/3v17dij8rvg7q99009swxg52995r7s22-go-1.22.5"
        }
      }
    },
    "google-chrome@latest": {
      "last_modified": "2024-07-31T08:48:38Z",
      "resolved": "github:NixOS/nixpkgs/c3392ad349a5227f4a3464dce87bcc5046692fce#google-chrome",
      "source": "devbox-search",
      "version": "127.0.6533.72",
      "systems": {
        "x86_64-linux": {
          "outputs": [
            {
              "name": "out",
              "path": "/nix/store/shpxld7nn3qfg0zjqa6l1mb2jjcgi9xy-google-chrome-127.0.6533.72",
              "default": true
            }
          ],
          "store_path": "/nix/store/shpxld7nn3qfg0zjqa6l1mb2jjcgi9xy-google-chrome-127.0.6533.72"
        }
      }
    },
    "gox@latest": {
      "last_modified": "2024-07-20T09:11:00Z",
      "resolved": "github:NixOS/nixpkgs/6e14bbce7bea6c4efd7adfa88a40dac750d80100#gox",
      "source": "devbox-search",
      "version": "1.0.1",
      "systems": {
        "aarch64-darwin": {
          "outputs": [
            {
              "name": "out",
              "path": "/nix/store/n4qssaj2zgyn34g2911zxnf8j4bdhzrl-gox-1.0.1",
              "default": true
            }
          ],
          "store_path": "/nix/store/n4qssaj2zgyn34g2911zxnf8j4bdhzrl-gox-1.0.1"
        },
        "aarch64-linux": {
          "outputs": [
            {
              "name": "out",
              "path": "/nix/store/basn8y4sjbgbxy2vcx0qkrk01c631nv3-gox-1.0.1",
              "default": true
            }
          ],
          "store_path": "/nix/store/basn8y4sjbgbxy2vcx0qkrk01c631nv3-gox-1.0.1"
        },
        "x86_64-darwin": {
          "outputs": [
            {
              "name": "out",
              "path": "/nix/store/83xhadidwkf2h4llrz8n3nvc00wqq1zf-gox-1.0.1",
              "default": true
            }
          ],
          "store_path": "/nix/store/83xhadidwkf2h4llrz8n3nvc00wqq1zf-gox-1.0.1"
        },
        "x86_64-linux": {
          "outputs": [
            {
              "name": "out",
              "path": "/nix/store/77sjsxidx28cnlpskzqnlbf3k9qa5c2n-gox-1.0.1",
              "default": true
            }
          ],
          "store_path": "/nix/store/77sjsxidx28cnlpskzqnlbf3k9qa5c2n-gox-1.0.1"
        }
      }
    },
    "libiconv@latest": {
      "last_modified": "2024-07-07T07:43:47Z",
      "resolved": "github:NixOS/nixpkgs/b60793b86201040d9dee019a05089a9150d08b5b#libiconv",
      "source": "devbox-search",
      "version": "99",
      "systems": {
        "aarch64-darwin": {
          "outputs": [
            {
              "name": "out",
              "path": "/nix/store/pb4vbsfgdik0qizna8vrdzk0jv746rgy-libiconv-99",
              "default": true
            },
            {
              "name": "dev",
              "path": "/nix/store/ddlxlq7cmqp2kpxi7wcskmk2d2ygn8d6-libiconv-99-dev"
            }
          ],
          "store_path": "/nix/store/pb4vbsfgdik0qizna8vrdzk0jv746rgy-libiconv-99"
        },
        "x86_64-darwin": {
          "outputs": [
            {
              "name": "out",
              "path": "/nix/store/nx4wk3zf054hldhq41q9iy0dqigqfhq0-libiconv-99",
              "default": true
            },
            {
              "name": "dev",
              "path": "/nix/store/b5q63ha9kv645npscj40slr90pbzsd96-libiconv-99-dev"
            }
          ],
          "store_path": "/nix/store/nx4wk3zf054hldhq41q9iy0dqigqfhq0-libiconv-99"
        },
        "x86_64-linux": {
          "outputs": [
            {
              "path": "/nix/store/vmjgw0w23lr8z5c4f4h649pck1m0vb1p-glibc-iconv-2.39",
              "default": true
            }
          ]
        }
      }
    },
    "lua@latest": {
      "last_modified": "2024-07-07T07:43:47Z",
      "resolved": "github:NixOS/nixpkgs/b60793b86201040d9dee019a05089a9150d08b5b#lua",
      "source": "devbox-search",
      "version": "5.2.4",
      "systems": {
        "aarch64-darwin": {
          "outputs": [
            {
              "name": "out",
              "path": "/nix/store/8fgnjw9fzs0bfb2ma3cdg8rhjy7ikd0w-lua-5.2.4",
              "default": true
            },
            {
              "name": "doc",
              "path": "/nix/store/gxqinvz2ibg5zz9rg625h9vb00fib2fr-lua-5.2.4-doc"
            }
          ],
          "store_path": "/nix/store/8fgnjw9fzs0bfb2ma3cdg8rhjy7ikd0w-lua-5.2.4"
        },
        "aarch64-linux": {
          "outputs": [
            {
              "name": "out",
              "path": "/nix/store/hicw0bcj13bn48dp6p0f4cdz3c5qvw8b-lua-5.2.4",
              "default": true
            },
            {
              "name": "doc",
              "path": "/nix/store/b323lr98flawacnbfg4gz6j5v1rn98vd-lua-5.2.4-doc"
            }
          ],
          "store_path": "/nix/store/hicw0bcj13bn48dp6p0f4cdz3c5qvw8b-lua-5.2.4"
        },
        "x86_64-darwin": {
          "outputs": [
            {
              "name": "out",
              "path": "/nix/store/bccgssx1343na1i1qrzayz8wa7dbkdms-lua-5.2.4",
              "default": true
            },
            {
              "name": "doc",
              "path": "/nix/store/i1bm8v19chrhivadc0f0k33xc904inv2-lua-5.2.4-doc"
            }
          ],
          "store_path": "/nix/store/bccgssx1343na1i1qrzayz8wa7dbkdms-lua-5.2.4"
        },
        "x86_64-linux": {
          "outputs": [
            {
              "name": "out",
              "path": "/nix/store/nqc616043cqcffxi97zvd0nddqvb4w6a-lua-5.2.4",
              "default": true
            },
            {
              "name": "doc",
              "path": "/nix/store/p93ww6k739vp77ym0yyxd764r31c4lpd-lua-5.2.4-doc"
            }
          ],
          "store_path": "/nix/store/nqc616043cqcffxi97zvd0nddqvb4w6a-lua-5.2.4"
        }
      }
    },
    "mkcert@latest": {
      "last_modified": "2024-07-20T09:11:00Z",
      "resolved": "github:NixOS/nixpkgs/6e14bbce7bea6c4efd7adfa88a40dac750d80100#mkcert",
      "source": "devbox-search",
      "version": "1.4.4",
      "systems": {
        "aarch64-darwin": {
          "outputs": [
            {
              "name": "out",
              "path": "/nix/store/s2w5l0avzmzbbnns9imkl0l11jpx9wg2-mkcert-1.4.4",
              "default": true
            }
          ],
          "store_path": "/nix/store/s2w5l0avzmzbbnns9imkl0l11jpx9wg2-mkcert-1.4.4"
        },
        "aarch64-linux": {
          "outputs": [
            {
              "name": "out",
              "path": "/nix/store/d5xb7pngcv2q5njpibj08d13hwn9fhvp-mkcert-1.4.4",
              "default": true
            }
          ],
          "store_path": "/nix/store/d5xb7pngcv2q5njpibj08d13hwn9fhvp-mkcert-1.4.4"
        },
        "x86_64-darwin": {
          "outputs": [
            {
              "name": "out",
              "path": "/nix/store/gcvw602hq315qpfxp6hq3mski28fbg4b-mkcert-1.4.4",
              "default": true
            }
          ],
          "store_path": "/nix/store/gcvw602hq315qpfxp6hq3mski28fbg4b-mkcert-1.4.4"
        },
        "x86_64-linux": {
          "outputs": [
            {
              "name": "out",
              "path": "/nix/store/fpxdkvynajjlvs92ghwqwmb6vdb1m0hk-mkcert-1.4.4",
              "default": true
            }
          ],
          "store_path": "/nix/store/fpxdkvynajjlvs92ghwqwmb6vdb1m0hk-mkcert-1.4.4"
        }
      }
    },
    "neovide@latest": {
      "last_modified": "2024-07-25T18:56:32Z",
      "resolved": "github:NixOS/nixpkgs/2122a9b35b35719ad9a395fe783eabb092df01b1#neovide",
      "source": "devbox-search",
      "version": "0.13.3",
      "systems": {
        "aarch64-darwin": {
          "outputs": [
            {
              "name": "out",
              "path": "/nix/store/qrzdqrb5gk4zfg1fcnyjgglrfniddkj5-neovide-0.13.3",
              "default": true
            }
          ],
          "store_path": "/nix/store/qrzdqrb5gk4zfg1fcnyjgglrfniddkj5-neovide-0.13.3"
        },
        "aarch64-linux": {
          "outputs": [
            {
              "name": "out",
              "path": "/nix/store/a5rvhqzayl1jrw8q67ak1gbr1a741naa-neovide-0.13.3",
              "default": true
            }
          ],
          "store_path": "/nix/store/a5rvhqzayl1jrw8q67ak1gbr1a741naa-neovide-0.13.3"
        },
        "x86_64-linux": {
          "outputs": [
            {
              "name": "out",
              "path": "/nix/store/qhh8fk55hsjhxxwqmpbivpjpkp34bpb4-neovide-0.13.3",
              "default": true
            }
          ],
          "store_path": "/nix/store/qhh8fk55hsjhxxwqmpbivpjpkp34bpb4-neovide-0.13.3"
        }
      }
    },
    "neovim@latest": {
      "last_modified": "2024-07-25T18:56:32Z",
      "resolved": "github:NixOS/nixpkgs/2122a9b35b35719ad9a395fe783eabb092df01b1#neovim",
      "source": "devbox-search",
      "version": "0.10.1",
      "systems": {
        "aarch64-darwin": {
          "outputs": [
            {
              "name": "out",
              "path": "/nix/store/xb3959wfymm41q494bcsr076zhd7iy30-neovim-0.10.1",
              "default": true
            }
          ],
          "store_path": "/nix/store/xb3959wfymm41q494bcsr076zhd7iy30-neovim-0.10.1"
        },
        "aarch64-linux": {
          "outputs": [
            {
              "name": "out",
              "path": "/nix/store/6p8p4i16h9f8s21a95khrx4s7dwhj6cx-neovim-0.10.1",
              "default": true
            }
          ],
          "store_path": "/nix/store/6p8p4i16h9f8s21a95khrx4s7dwhj6cx-neovim-0.10.1"
        },
        "x86_64-darwin": {
          "outputs": [
            {
              "name": "out",
              "path": "/nix/store/4p9b4xm0l8j2ki25v2yszdjdmdawzgd6-neovim-0.10.1",
              "default": true
            }
          ],
          "store_path": "/nix/store/4p9b4xm0l8j2ki25v2yszdjdmdawzgd6-neovim-0.10.1"
        },
        "x86_64-linux": {
          "outputs": [
            {
              "name": "out",
              "path": "/nix/store/r42ydp43zin4plqblhmc21sxbldcd561-neovim-0.10.1",
              "default": true
            }
          ],
          "store_path": "/nix/store/r42ydp43zin4plqblhmc21sxbldcd561-neovim-0.10.1"
        }
      }
    },
    "nodePackages_latest.pnpm@latest": {
      "last_modified": "2024-06-26T05:30:43Z",
      "resolved": "github:NixOS/nixpkgs/b3f3c1b13fb08f3828442ee86630362e81136bbc#nodePackages_latest.pnpm",
      "source": "devbox-search",
      "version": "9.3.0",
      "systems": {
        "aarch64-darwin": {
          "outputs": [
            {
              "name": "out",
              "path": "/nix/store/f6mjzmr0fv50dzfk93sm9cq449za7z8i-pnpm-9.3.0",
              "default": true
            }
          ],
          "store_path": "/nix/store/f6mjzmr0fv50dzfk93sm9cq449za7z8i-pnpm-9.3.0"
        },
        "aarch64-linux": {
          "outputs": [
            {
              "name": "out",
              "path": "/nix/store/x9ngmmr1n3lp64a90nvcibdsyir06gv2-pnpm-9.3.0",
              "default": true
            }
          ],
          "store_path": "/nix/store/x9ngmmr1n3lp64a90nvcibdsyir06gv2-pnpm-9.3.0"
        },
        "x86_64-darwin": {
          "outputs": [
            {
              "name": "out",
              "path": "/nix/store/xa203iyp4k6k30256796g4055b2880aj-pnpm-9.3.0",
              "default": true
            }
          ],
          "store_path": "/nix/store/xa203iyp4k6k30256796g4055b2880aj-pnpm-9.3.0"
        },
        "x86_64-linux": {
          "outputs": [
            {
              "name": "out",
              "path": "/nix/store/y2rzryik40z8s6nfck3w4v7jsir3d8hx-pnpm-9.3.0",
              "default": true
            }
          ],
          "store_path": "/nix/store/y2rzryik40z8s6nfck3w4v7jsir3d8hx-pnpm-9.3.0"
        }
      }
    },
    "nodejs@latest": {
      "last_modified": "2024-07-31T08:48:38Z",
      "plugin_version": "0.0.2",
      "resolved": "github:NixOS/nixpkgs/c3392ad349a5227f4a3464dce87bcc5046692fce#nodejs_22",
      "source": "devbox-search",
      "version": "22.4.1",
      "systems": {
        "aarch64-darwin": {
          "outputs": [
            {
              "name": "out",
              "path": "/nix/store/z5whjsr6cnqw0ycnylwxmibfr7cdwxrb-nodejs-22.4.1",
              "default": true
            },
            {
              "name": "libv8",
              "path": "/nix/store/vzhng0wwbm0r1p9rdq1kspm0j5b9x0va-nodejs-22.4.1-libv8"
            }
          ],
          "store_path": "/nix/store/z5whjsr6cnqw0ycnylwxmibfr7cdwxrb-nodejs-22.4.1"
        },
        "aarch64-linux": {
          "outputs": [
            {
              "name": "out",
              "path": "/nix/store/2c0qimdjslxal42s4m10zj95f9r11l4l-nodejs-22.4.1",
              "default": true
            },
            {
              "name": "libv8",
              "path": "/nix/store/aq9wvafy8svx7fgkm2w0yig3aqmkbqc8-nodejs-22.4.1-libv8"
            }
          ],
          "store_path": "/nix/store/2c0qimdjslxal42s4m10zj95f9r11l4l-nodejs-22.4.1"
        },
        "x86_64-darwin": {
          "outputs": [
            {
              "name": "out",
              "path": "/nix/store/5l6flz4fpax64nzivg2r815pvllj2dml-nodejs-22.4.1",
              "default": true
            },
            {
              "name": "libv8",
              "path": "/nix/store/5wwl7dh3xmnrah4f98713i93m43d02a5-nodejs-22.4.1-libv8"
            }
          ],
          "store_path": "/nix/store/5l6flz4fpax64nzivg2r815pvllj2dml-nodejs-22.4.1"
        },
        "x86_64-linux": {
          "outputs": [
            {
              "name": "out",
              "path": "/nix/store/w8rva81863ls2ic3qc72mdzpzm0skyrm-nodejs-22.4.1",
              "default": true
            },
            {
              "name": "libv8",
              "path": "/nix/store/93cvy69p4g2mrbjjkj5dxh8zin047nl5-nodejs-22.4.1-libv8"
            }
          ],
          "store_path": "/nix/store/w8rva81863ls2ic3qc72mdzpzm0skyrm-nodejs-22.4.1"
        }
      }
    },
    "nss@latest": {
      "last_modified": "2024-07-31T08:48:38Z",
      "resolved": "github:NixOS/nixpkgs/c3392ad349a5227f4a3464dce87bcc5046692fce#nss",
      "source": "devbox-search",
      "version": "3.101.1",
      "systems": {
        "aarch64-darwin": {
          "outputs": [
            {
              "name": "out",
              "path": "/nix/store/y0zgvv4brkxxhxd29sjwyrj7x8mf3yf9-nss-3.101.1",
              "default": true
            },
            {
              "name": "tools",
              "path": "/nix/store/vmqhnw8rbnn6rwp7hmjmlfw32b7grx2m-nss-3.101.1-tools"
            },
            {
              "name": "dev",
              "path": "/nix/store/7rd8qx70b7097jrcsyawic7rbdmysdg6-nss-3.101.1-dev"
            }
          ],
          "store_path": "/nix/store/y0zgvv4brkxxhxd29sjwyrj7x8mf3yf9-nss-3.101.1"
        },
        "aarch64-linux": {
          "outputs": [
            {
              "name": "out",
              "path": "/nix/store/xqs34qfmmff8nrxp8fcafjqw5q3qb8ix-nss-3.101.1",
              "default": true
            },
            {
              "name": "dev",
              "path": "/nix/store/zixy0n1cqsgv6mvw9bbddsh1n8ss9g89-nss-3.101.1-dev"
            },
            {
              "name": "tools",
              "path": "/nix/store/5hbq0g8dklziyll9xh5arja1lgcfkkg6-nss-3.101.1-tools"
            }
          ],
          "store_path": "/nix/store/xqs34qfmmff8nrxp8fcafjqw5q3qb8ix-nss-3.101.1"
        },
        "x86_64-darwin": {
          "outputs": [
            {
              "name": "out",
              "path": "/nix/store/zgh2qdvdpw1cmfb9rlsp9vs9zk9j80wm-nss-3.101.1",
              "default": true
            },
            {
              "name": "dev",
              "path": "/nix/store/1ivc18y34h7mcybg9a29zn6gryjrhfhv-nss-3.101.1-dev"
            },
            {
              "name": "tools",
              "path": "/nix/store/7j8b4yaqs932i06l5mjy21sd8ammq3s1-nss-3.101.1-tools"
            }
          ],
          "store_path": "/nix/store/zgh2qdvdpw1cmfb9rlsp9vs9zk9j80wm-nss-3.101.1"
        },
        "x86_64-linux": {
          "outputs": [
            {
              "name": "out",
              "path": "/nix/store/g1flw4zhjw8f2k8v9cdav2ks6m3s9gik-nss-3.101.1",
              "default": true
            },
            {
              "name": "tools",
              "path": "/nix/store/d867yq3aa6180syasww9sh2qcm86vicq-nss-3.101.1-tools"
            },
            {
              "name": "dev",
              "path": "/nix/store/wh4ldv7bdn2sijmhq6in9s9rg5kw05v9-nss-3.101.1-dev"
            }
          ],
          "store_path": "/nix/store/g1flw4zhjw8f2k8v9cdav2ks6m3s9gik-nss-3.101.1"
        }
      }
    },
    "oh-my-zsh@latest": {
      "last_modified": "2024-07-07T07:43:47Z",
      "resolved": "github:NixOS/nixpkgs/b60793b86201040d9dee019a05089a9150d08b5b#oh-my-zsh",
      "source": "devbox-search",
      "version": "2024-07-03",
      "systems": {
        "aarch64-darwin": {
          "outputs": [
            {
              "name": "out",
              "path": "/nix/store/vqdl0gw2v5k160jjfazw3vnzvisg776l-oh-my-zsh-2024-07-03",
              "default": true
            }
          ],
          "store_path": "/nix/store/vqdl0gw2v5k160jjfazw3vnzvisg776l-oh-my-zsh-2024-07-03"
        },
        "aarch64-linux": {
          "outputs": [
            {
              "name": "out",
              "path": "/nix/store/zl2ky0kdrc17bdyha24chfd23nr0lzgl-oh-my-zsh-2024-07-03",
              "default": true
            }
          ],
          "store_path": "/nix/store/zl2ky0kdrc17bdyha24chfd23nr0lzgl-oh-my-zsh-2024-07-03"
        },
        "x86_64-darwin": {
          "outputs": [
            {
              "name": "out",
              "path": "/nix/store/pxyajcwlg90byxwangizghbhdkr01phr-oh-my-zsh-2024-07-03",
              "default": true
            }
          ],
          "store_path": "/nix/store/pxyajcwlg90byxwangizghbhdkr01phr-oh-my-zsh-2024-07-03"
        },
        "x86_64-linux": {
          "outputs": [
            {
              "name": "out",
              "path": "/nix/store/d09vgj3vnfq0khz6ib1w7frvkdgqm7cg-oh-my-zsh-2024-07-03",
              "default": true
            }
          ],
          "store_path": "/nix/store/d09vgj3vnfq0khz6ib1w7frvkdgqm7cg-oh-my-zsh-2024-07-03"
        }
      }
    },
    "rustup@latest": {
      "last_modified": "2024-07-07T07:43:47Z",
      "plugin_version": "0.0.1",
      "resolved": "github:NixOS/nixpkgs/b60793b86201040d9dee019a05089a9150d08b5b#rustup",
      "source": "devbox-search",
      "version": "1.26.0",
      "systems": {
        "aarch64-darwin": {
          "outputs": [
            {
              "name": "out",
              "path": "/nix/store/9fcngl4lj7lakajafyfpwddigy5x7xz3-rustup-1.26.0",
              "default": true
            }
          ],
          "store_path": "/nix/store/9fcngl4lj7lakajafyfpwddigy5x7xz3-rustup-1.26.0"
        },
        "aarch64-linux": {
          "outputs": [
            {
              "name": "out",
              "path": "/nix/store/9zp7146714iwf140fapdi0mgb86yds92-rustup-1.26.0",
              "default": true
            }
          ],
          "store_path": "/nix/store/9zp7146714iwf140fapdi0mgb86yds92-rustup-1.26.0"
        },
        "x86_64-darwin": {
          "outputs": [
            {
              "name": "out",
              "path": "/nix/store/vj2nv91k8wpk63iyjk93y1b7fflmbjm9-rustup-1.26.0",
              "default": true
            }
          ],
          "store_path": "/nix/store/vj2nv91k8wpk63iyjk93y1b7fflmbjm9-rustup-1.26.0"
        },
        "x86_64-linux": {
          "outputs": [
            {
              "name": "out",
              "path": "/nix/store/crphpnlzwspccbflgfakqm45hfxw1sdx-rustup-1.26.0",
              "default": true
            }
          ],
          "store_path": "/nix/store/crphpnlzwspccbflgfakqm45hfxw1sdx-rustup-1.26.0"
        }
      }
    },
    "tree@2.1.3": {
      "last_modified": "2024-07-18T11:48:29Z",
      "resolved": "github:NixOS/nixpkgs/7e2fb8e0eb807e139d42b05bf8e28da122396bed#tree",
      "source": "devbox-search",
      "version": "2.1.3",
      "systems": {
        "aarch64-darwin": {
          "outputs": [
            {
              "name": "out",
              "path": "/nix/store/c2rx6mvad345nyj5yyxcbhkyqyda65ih-tree-2.1.3",
              "default": true
            }
          ],
          "store_path": "/nix/store/c2rx6mvad345nyj5yyxcbhkyqyda65ih-tree-2.1.3"
        },
        "aarch64-linux": {
          "outputs": [
            {
              "name": "out",
              "path": "/nix/store/gkxvn74022cm8zx4pn1r4b5n5ijn7l3a-tree-2.1.3",
              "default": true
            }
          ],
          "store_path": "/nix/store/gkxvn74022cm8zx4pn1r4b5n5ijn7l3a-tree-2.1.3"
        },
        "x86_64-darwin": {
          "outputs": [
            {
              "name": "out",
              "path": "/nix/store/4y1dxd0n3qi8m91k8sw0i7smrmiync55-tree-2.1.3",
              "default": true
            }
          ],
          "store_path": "/nix/store/4y1dxd0n3qi8m91k8sw0i7smrmiync55-tree-2.1.3"
        },
        "x86_64-linux": {
          "outputs": [
            {
              "name": "out",
              "path": "/nix/store/8vjix8llpnzjqhvr9pmz4lapy54gb4dn-tree-2.1.3",
              "default": true
            }
          ],
          "store_path": "/nix/store/8vjix8llpnzjqhvr9pmz4lapy54gb4dn-tree-2.1.3"
        }
      }
    },
    "zsh@latest": {
      "last_modified": "2024-07-22T04:21:33Z",
      "resolved": "github:NixOS/nixpkgs/453402b94f39f968a7c27df28e060f69e4a50c3b#zsh",
      "source": "devbox-search",
      "version": "5.9",
      "systems": {
        "aarch64-darwin": {
          "outputs": [
            {
              "name": "out",
              "path": "/nix/store/6fjbdh80mh7c0cbzndd3zgzqvrhrc1ww-zsh-5.9",
              "default": true
            },
            {
              "name": "man",
              "path": "/nix/store/bs4fyiz8n1r6r516p1k0mrlf7p8dx1ni-zsh-5.9-man",
              "default": true
            },
            {
              "name": "doc",
              "path": "/nix/store/kp6jyw3hfxapzh6ca97v5wk1lfyxyckx-zsh-5.9-doc"
            },
            {
              "name": "info",
              "path": "/nix/store/4vnfnwbdnzsp8vwm7zaqq1qhr6ndvfk9-zsh-5.9-info"
            }
          ],
          "store_path": "/nix/store/6fjbdh80mh7c0cbzndd3zgzqvrhrc1ww-zsh-5.9"
        },
        "aarch64-linux": {
          "outputs": [
            {
              "name": "out",
              "path": "/nix/store/qg50k58z87vaz25mv3cbq64xcpxf573s-zsh-5.9",
              "default": true
            },
            {
              "name": "man",
              "path": "/nix/store/llkrky2r95nyvbsgsqf5fapi7nish3s4-zsh-5.9-man",
              "default": true
            },
            {
              "name": "doc",
              "path": "/nix/store/7x3s4h3n5swlcl1lamwg9r8ncdsm5g8v-zsh-5.9-doc"
            },
            {
              "name": "info",
              "path": "/nix/store/8a9qlcfjxci0kn58an3v1igxyxcqj1b1-zsh-5.9-info"
            }
          ],
          "store_path": "/nix/store/qg50k58z87vaz25mv3cbq64xcpxf573s-zsh-5.9"
        },
        "x86_64-darwin": {
          "outputs": [
            {
              "name": "out",
              "path": "/nix/store/rhry93bh99l4vmz8rwg3kc8g4m84y8y3-zsh-5.9",
              "default": true
            },
            {
              "name": "man",
              "path": "/nix/store/6c8rakjzlx16mbjg8453lbibsichfria-zsh-5.9-man",
              "default": true
            },
            {
              "name": "doc",
              "path": "/nix/store/144vjq64niscvyaarpjbn2a2rqda19y9-zsh-5.9-doc"
            },
            {
              "name": "info",
              "path": "/nix/store/8n0jg8v6j480kh2909hqwkdmw62rpihs-zsh-5.9-info"
            }
          ],
          "store_path": "/nix/store/rhry93bh99l4vmz8rwg3kc8g4m84y8y3-zsh-5.9"
        },
        "x86_64-linux": {
          "outputs": [
            {
              "name": "out",
              "path": "/nix/store/y770h4wad1b9518vndjw8ap7m1ywjjlq-zsh-5.9",
              "default": true
            },
            {
              "name": "man",
              "path": "/nix/store/hbknva3rvv0fnghnkq59ifzslva4g35b-zsh-5.9-man",
              "default": true
            },
            {
              "name": "doc",
              "path": "/nix/store/vr9blbb7x6j4j3grzl9cfyb7di1ipmzj-zsh-5.9-doc"
            },
            {
              "name": "info",
              "path": "/nix/store/38s0ashhv2hj4d8995a1rw11z8fhl69g-zsh-5.9-info"
            }
          ],
          "store_path": "/nix/store/y770h4wad1b9518vndjw8ap7m1ywjjlq-zsh-5.9"
        }
      }
    }
  }
}
